
Microsoft Visual Studio Solution File, Format Version 12.00
# Visual Studio Version 17
VisualStudioVersion = 17.0.31903.59
MinimumVisualStudioVersion = 10.0.40219.1
Project("{2150E333-8FDC-42A3-9474-1A3956D46DE8}") = "src", "src", "{329D5C2E-2F40-49C6-9789-42901016F98A}"
EndProject
Project("{FAE04EC0-301F-11D3-BF4B-00C04F79EFBC}") = "Ecommerce.Domain", "src\Ecommerce.Domain\Ecommerce.Domain.csproj", "{55018036-3B20-42A7-8714-4503295CC546}"
EndProject
Project("{FAE04EC0-301F-11D3-BF4B-00C04F79EFBC}") = "Ecommerce.Aplication", "src\Ecommerce.Aplication\Ecommerce.Aplication.csproj", "{BD695FDC-50F0-4C3D-B8EB-913CFB316A22}"
EndProject
Project("{FAE04EC0-301F-11D3-BF4B-00C04F79EFBC}") = "Ecommerce.Infrastructure", "src\Ecommerce.Infrastructure\Ecommerce.Infrastructure.csproj", "{2145D583-0BEE-4F18-B8EF-809BAB32EEF5}"
EndProject
Project("{FAE04EC0-301F-11D3-BF4B-00C04F79EFBC}") = "Ecommerce.API", "src\Ecommerce.API\Ecommerce.API.csproj", "{60DA211E-8C25-4D85-AA10-6B3504494045}"
EndProject
Global
	GlobalSection(SolutionConfigurationPlatforms) = preSolution
		Debug|Any CPU = Debug|Any CPU
		Release|Any CPU = Release|Any CPU
	EndGlobalSection
	GlobalSection(SolutionProperties) = preSolution
		HideSolutionNode = FALSE
	EndGlobalSection
	GlobalSection(ProjectConfigurationPlatforms) = postSolution
		{55018036-3B20-42A7-8714-4503295CC546}.Debug|Any CPU.ActiveCfg = Debug|Any CPU
		{55018036-3B20-42A7-8714-4503295CC546}.Debug|Any CPU.Build.0 = Debug|Any CPU
		{55018036-3B20-42A7-8714-4503295CC546}.Release|Any CPU.ActiveCfg = Release|Any CPU
		{55018036-3B20-42A7-8714-4503295CC546}.Release|Any CPU.Build.0 = Release|Any CPU
		{BD695FDC-50F0-4C3D-B8EB-913CFB316A22}.Debug|Any CPU.ActiveCfg = Debug|Any CPU
		{BD695FDC-50F0-4C3D-B8EB-913CFB316A22}.Debug|Any CPU.Build.0 = Debug|Any CPU
		{BD695FDC-50F0-4C3D-B8EB-913CFB316A22}.Release|Any CPU.ActiveCfg = Release|Any CPU
		{BD695FDC-50F0-4C3D-B8EB-913CFB316A22}.Release|Any CPU.Build.0 = Release|Any CPU
		{2145D583-0BEE-4F18-B8EF-809BAB32EEF5}.Debug|Any CPU.ActiveCfg = Debug|Any CPU
		{2145D583-0BEE-4F18-B8EF-809BAB32EEF5}.Debug|Any CPU.Build.0 = Debug|Any CPU
		{2145D583-0BEE-4F18-B8EF-809BAB32EEF5}.Release|Any CPU.ActiveCfg = Release|Any CPU
		{2145D583-0BEE-4F18-B8EF-809BAB32EEF5}.Release|Any CPU.Build.0 = Release|Any CPU
		{60DA211E-8C25-4D85-AA10-6B3504494045}.Debug|Any CPU.ActiveCfg = Debug|Any CPU
		{60DA211E-8C25-4D85-AA10-6B3504494045}.Debug|Any CPU.Build.0 = Debug|Any CPU
		{60DA211E-8C25-4D85-AA10-6B3504494045}.Release|Any CPU.ActiveCfg = Release|Any CPU
		{60DA211E-8C25-4D85-AA10-6B3504494045}.Release|Any CPU.Build.0 = Release|Any CPU
	EndGlobalSection
	GlobalSection(NestedProjects) = preSolution
		{55018036-3B20-42A7-8714-4503295CC546} = {329D5C2E-2F40-49C6-9789-42901016F98A}
		{BD695FDC-50F0-4C3D-B8EB-913CFB316A22} = {329D5C2E-2F40-49C6-9789-42901016F98A}
		{2145D583-0BEE-4F18-B8EF-809BAB32EEF5} = {329D5C2E-2F40-49C6-9789-42901016F98A}
		{60DA211E-8C25-4D85-AA10-6B3504494045} = {329D5C2E-2F40-49C6-9789-42901016F98A}
	EndGlobalSection
EndGlobal
